
Microsoft Visual Studio Solution File, Format Version 12.00
# Visual Studio Version 17
VisualStudioVersion = 17.3.32811.315
MinimumVisualStudioVersion = 10.0.40219.1
Project("{FAE04EC0-301F-11D3-BF4B-00C04F79EFBC}") = "CRUDEORDERUSINGDAPPERWEBAPI", "CRUDEORDERUSINGDAPPERWEBAPI\CRUDEORDERUSINGDAPPERWEBAPI.csproj", "{E7DB19D3-5158-4164-B9B2-033D13FCBD46}"
EndProject
Global
	GlobalSection(SolutionConfigurationPlatforms) = preSolution
		Debug|Any CPU = Debug|Any CPU
		Release|Any CPU = Release|Any CPU
	EndGlobalSection
	GlobalSection(ProjectConfigurationPlatforms) = postSolution
		{E7DB19D3-5158-4164-B9B2-033D13FCBD46}.Debug|Any CPU.ActiveCfg = Debug|Any CPU
		{E7DB19D3-5158-4164-B9B2-033D13FCBD46}.Debug|Any CPU.Build.0 = Debug|Any CPU
		{E7DB19D3-5158-4164-B9B2-033D13FCBD46}.Release|Any CPU.ActiveCfg = Release|Any CPU
		{E7DB19D3-5158-4164-B9B2-033D13FCBD46}.Release|Any CPU.Build.0 = Release|Any CPU
	EndGlobalSection
	GlobalSection(SolutionProperties) = preSolution
		HideSolutionNode = FALSE
	EndGlobalSection
	GlobalSection(ExtensibilityGlobals) = postSolution
		SolutionGuid = {F81633D5-7D97-48E8-ABF4-70630F38FDE7}
	EndGlobalSection
EndGlobal
